
Microsoft Visual Studio Solution File, Format Version 10.00
# Visual Studio 2008
Project("{FAE04EC0-301F-11D3-BF4B-00C04F79EFBC}") = "WsdlGenerator", "WsdlGenerator\WsdlGenerator.csproj", "{7436E52F-E529-4C80-933C-B99B93FD103F}"
EndProject
Project("{FAE04EC0-301F-11D3-BF4B-00C04F79EFBC}") = "CSGeneration", "CSGeneration\CSGeneration.csproj", "{364C25CC-69E1-41DF-9FCC-9FED6CDC67BC}"
EndProject
Global
	GlobalSection(SolutionConfigurationPlatforms) = preSolution
		Debug|Any CPU = Debug|Any CPU
		Release|Any CPU = Release|Any CPU
	EndGlobalSection
	GlobalSection(ProjectConfigurationPlatforms) = postSolution
		{7436E52F-E529-4C80-933C-B99B93FD103F}.Debug|Any CPU.ActiveCfg = Debug|Any CPU
		{7436E52F-E529-4C80-933C-B99B93FD103F}.Debug|Any CPU.Build.0 = Debug|Any CPU
		{7436E52F-E529-4C80-933C-B99B93FD103F}.Release|Any CPU.ActiveCfg = Release|Any CPU
		{7436E52F-E529-4C80-933C-B99B93FD103F}.Release|Any CPU.Build.0 = Release|Any CPU
		{364C25CC-69E1-41DF-9FCC-9FED6CDC67BC}.Debug|Any CPU.ActiveCfg = Debug|Any CPU
		{364C25CC-69E1-41DF-9FCC-9FED6CDC67BC}.Debug|Any CPU.Build.0 = Debug|Any CPU
		{364C25CC-69E1-41DF-9FCC-9FED6CDC67BC}.Release|Any CPU.ActiveCfg = Release|Any CPU
		{364C25CC-69E1-41DF-9FCC-9FED6CDC67BC}.Release|Any CPU.Build.0 = Release|Any CPU
	EndGlobalSection
	GlobalSection(SolutionProperties) = preSolution
		HideSolutionNode = FALSE
	EndGlobalSection
EndGlobal
